# THIS IS AN AUTOGENERATED FILE. DO NOT EDIT THIS FILE DIRECTLY.
# yarn lockfile v1


"@ampproject/remapping@^2.2.0":
  "version" "2.2.1"
  dependencies:
    "@jridgewell/gen-mapping" "^0.3.0"
    "@jridgewell/trace-mapping" "^0.3.9"

"@babel/code-frame@^7.22.5":
  "version" "7.22.5"
  dependencies:
    "@babel/highlight" "^7.22.5"

"@babel/compat-data@^7.22.5":
  "version" "7.22.5"

"@babel/core@^7.0.0", "@babel/core@^7.0.0-0", "@babel/core@^7.20.7":
  "version" "7.22.5"
  dependencies:
    "@ampproject/remapping" "^2.2.0"
    "@babel/code-frame" "^7.22.5"
    "@babel/generator" "^7.22.5"
    "@babel/helper-compilation-targets" "^7.22.5"
    "@babel/helper-module-transforms" "^7.22.5"
    "@babel/helpers" "^7.22.5"
    "@babel/parser" "^7.22.5"
    "@babel/template" "^7.22.5"
    "@babel/traverse" "^7.22.5"
    "@babel/types" "^7.22.5"
    "convert-source-map" "^1.7.0"
    "debug" "^4.1.0"
    "gensync" "^1.0.0-beta.2"
    "json5" "^2.2.2"
    "semver" "^6.3.0"

"@babel/generator@^7.22.5":
  "version" "7.22.5"
  dependencies:
    "@babel/types" "^7.22.5"
    "@jridgewell/gen-mapping" "^0.3.2"
    "@jridgewell/trace-mapping" "^0.3.17"
    "jsesc" "^2.5.1"

"@babel/helper-annotate-as-pure@^7.22.5":
  "version" "7.22.5"
  dependencies:
    "@babel/types" "^7.22.5"

"@babel/helper-compilation-targets@^7.22.5":
  "version" "7.22.5"
  dependencies:
    "@babel/compat-data" "^7.22.5"
    "@babel/helper-validator-option" "^7.22.5"
    "browserslist" "^4.21.3"
    "lru-cache" "^5.1.1"
    "semver" "^6.3.0"

"@babel/helper-create-class-features-plugin@^7.22.5":
  "version" "7.22.5"
  dependencies:
    "@babel/helper-annotate-as-pure" "^7.22.5"
    "@babel/helper-environment-visitor" "^7.22.5"
    "@babel/helper-function-name" "^7.22.5"
    "@babel/helper-member-expression-to-functions" "^7.22.5"
    "@babel/helper-optimise-call-expression" "^7.22.5"
    "@babel/helper-replace-supers" "^7.22.5"
    "@babel/helper-skip-transparent-expression-wrappers" "^7.22.5"
    "@babel/helper-split-export-declaration" "^7.22.5"
    "semver" "^6.3.0"

"@babel/helper-environment-visitor@^7.22.5":
  "version" "7.22.5"

"@babel/helper-function-name@^7.22.5":
  "version" "7.22.5"
  dependencies:
    "@babel/template" "^7.22.5"
    "@babel/types" "^7.22.5"

"@babel/helper-hoist-variables@^7.22.5":
  "version" "7.22.5"
  dependencies:
    "@babel/types" "^7.22.5"

"@babel/helper-member-expression-to-functions@^7.22.5":
  "version" "7.22.5"
  dependencies:
    "@babel/types" "^7.22.5"

"@babel/helper-module-imports@^7.22.5":
  "version" "7.22.5"
  dependencies:
    "@babel/types" "^7.22.5"

"@babel/helper-module-transforms@^7.22.5":
  "version" "7.22.5"
  dependencies:
    "@babel/helper-environment-visitor" "^7.22.5"
    "@babel/helper-module-imports" "^7.22.5"
    "@babel/helper-simple-access" "^7.22.5"
    "@babel/helper-split-export-declaration" "^7.22.5"
    "@babel/helper-validator-identifier" "^7.22.5"
    "@babel/template" "^7.22.5"
    "@babel/traverse" "^7.22.5"
    "@babel/types" "^7.22.5"

"@babel/helper-optimise-call-expression@^7.22.5":
  "version" "7.22.5"
  dependencies:
    "@babel/types" "^7.22.5"

"@babel/helper-plugin-utils@^7.22.5":
  "version" "7.22.5"

"@babel/helper-replace-supers@^7.22.5":
  "version" "7.22.5"
  dependencies:
    "@babel/helper-environment-visitor" "^7.22.5"
    "@babel/helper-member-expression-to-functions" "^7.22.5"
    "@babel/helper-optimise-call-expression" "^7.22.5"
    "@babel/template" "^7.22.5"
    "@babel/traverse" "^7.22.5"
    "@babel/types" "^7.22.5"

"@babel/helper-simple-access@^7.22.5":
  "version" "7.22.5"
  dependencies:
    "@babel/types" "^7.22.5"

"@babel/helper-skip-transparent-expression-wrappers@^7.22.5":
  "version" "7.22.5"
  dependencies:
    "@babel/types" "^7.22.5"

"@babel/helper-split-export-declaration@^7.22.5":
  "version" "7.22.5"
  dependencies:
    "@babel/types" "^7.22.5"

"@babel/helper-string-parser@^7.22.5":
  "version" "7.22.5"

"@babel/helper-validator-identifier@^7.22.5":
  "version" "7.22.5"

"@babel/helper-validator-option@^7.22.5":
  "version" "7.22.5"

"@babel/helpers@^7.22.5":
  "version" "7.22.5"
  dependencies:
    "@babel/template" "^7.22.5"
    "@babel/traverse" "^7.22.5"
    "@babel/types" "^7.22.5"

"@babel/highlight@^7.22.5":
  "version" "7.22.5"
  dependencies:
    "@babel/helper-validator-identifier" "^7.22.5"
    "chalk" "^2.0.0"
    "js-tokens" "^4.0.0"

"@babel/parser@^7.20.15", "@babel/parser@^7.21.3", "@babel/parser@^7.22.5":
  "integrity" "sha1-ch/QQvPOGJYjjPGzQcd+t97n2+o="
  "resolved" "http://10.255.158.28:7001/@babel/parser/download/@babel/parser-7.22.5.tgz"
  "version" "7.22.5"

"@babel/plugin-syntax-jsx@^7.22.5":
  "version" "7.22.5"
  dependencies:
    "@babel/helper-plugin-utils" "^7.22.5"

"@babel/plugin-syntax-typescript@^7.22.5":
  "version" "7.22.5"
  dependencies:
    "@babel/helper-plugin-utils" "^7.22.5"

"@babel/plugin-transform-typescript@^7.20.7":
  "version" "7.22.5"
  dependencies:
    "@babel/helper-annotate-as-pure" "^7.22.5"
    "@babel/helper-create-class-features-plugin" "^7.22.5"
    "@babel/helper-plugin-utils" "^7.22.5"
    "@babel/plugin-syntax-typescript" "^7.22.5"

"@babel/template@^7.22.5":
  "version" "7.22.5"
  dependencies:
    "@babel/code-frame" "^7.22.5"
    "@babel/parser" "^7.22.5"
    "@babel/types" "^7.22.5"

"@babel/traverse@^7.22.5":
  "version" "7.22.5"
  dependencies:
    "@babel/code-frame" "^7.22.5"
    "@babel/generator" "^7.22.5"
    "@babel/helper-environment-visitor" "^7.22.5"
    "@babel/helper-function-name" "^7.22.5"
    "@babel/helper-hoist-variables" "^7.22.5"
    "@babel/helper-split-export-declaration" "^7.22.5"
    "@babel/parser" "^7.22.5"
    "@babel/types" "^7.22.5"
    "debug" "^4.1.0"
    "globals" "^11.1.0"

"@babel/types@^7.22.5":
  "version" "7.22.5"
  dependencies:
    "@babel/helper-string-parser" "^7.22.5"
    "@babel/helper-validator-identifier" "^7.22.5"
    "to-fast-properties" "^2.0.0"

"@cc/graph@file:../packages/graph":
  "resolved" "file:../packages/graph"
  "version" "1.0.0"
  dependencies:
    "@antv/x6" "^2.11.1"
    "@antv/x6-plugin-dnd" "^2.0.5"
    "@antv/x6-plugin-minimap" "^2.0.5"
    "@antv/x6-plugin-selection" "^2.1.7"
    "@antv/x6-plugin-stencil" "^2.0.3"
    "@antv/x6-vue-shape" "^2.0.11"
    "@cc-design/web-vue" "0.0.14"
    "vue" "^3.3.4"

"@esbuild/win32-x64@0.17.19":
  "integrity" "sha512-lAhycmKnVOuRYNtRtatQR1LPQf2oYCkRGkSFnseDAKPl8lu5SOsK/e1sXe5a0Pc5kHIHe6P2I/ilntNv2xf3cA=="
  "resolved" "https://registry.npmmirror.com/@esbuild/win32-x64/-/win32-x64-0.17.19.tgz"
  "version" "0.17.19"

"@jridgewell/gen-mapping@^0.3.0", "@jridgewell/gen-mapping@^0.3.2":
  "version" "0.3.3"
  dependencies:
    "@jridgewell/set-array" "^1.0.1"
    "@jridgewell/sourcemap-codec" "^1.4.10"
    "@jridgewell/trace-mapping" "^0.3.9"

"@jridgewell/resolve-uri@3.1.0":
  "version" "3.1.0"

"@jridgewell/set-array@^1.0.1":
  "version" "1.1.2"

"@jridgewell/sourcemap-codec@^1.4.10", "@jridgewell/sourcemap-codec@^1.4.13":
  "integrity" "sha1-18bmdVx4VnqVHgSrUu8P0m3lnzI="
  "resolved" "http://10.255.158.28:7001/@jridgewell/sourcemap-codec/download/@jridgewell/sourcemap-codec-1.4.15.tgz"
  "version" "1.4.15"

"@jridgewell/sourcemap-codec@1.4.14":
  "version" "1.4.14"

"@jridgewell/trace-mapping@^0.3.17", "@jridgewell/trace-mapping@^0.3.9":
  "version" "0.3.18"
  dependencies:
    "@jridgewell/resolve-uri" "3.1.0"
    "@jridgewell/sourcemap-codec" "1.4.14"

"@vitejs/plugin-vue-jsx@^3.0.1":
  "integrity" "sha512-+Jb7ggL48FSPS1uhPnJbJwWa9Sr90vQ+d0InW+AhBM22n+cfuYqJZDckBc+W3QSHe1WDvewMZfa4wZOtk5pRgw=="
  "resolved" "https://registry.npmmirror.com/@vitejs/plugin-vue-jsx/-/plugin-vue-jsx-3.0.1.tgz"
  "version" "3.0.1"
  dependencies:
    "@babel/core" "^7.20.7"
    "@babel/plugin-transform-typescript" "^7.20.7"
    "@vue/babel-plugin-jsx" "^1.1.1"

"@vue/babel-helper-vue-transform-on@^1.1.5":
  "version" "1.1.5"

"@vue/babel-plugin-jsx@^1.1.1":
  "version" "1.1.5"
  dependencies:
    "@babel/helper-module-imports" "^7.22.5"
    "@babel/plugin-syntax-jsx" "^7.22.5"
    "@babel/template" "^7.22.5"
    "@babel/traverse" "^7.22.5"
    "@babel/types" "^7.22.5"
    "@vue/babel-helper-vue-transform-on" "^1.1.5"
    "camelcase" "^6.3.0"
    "html-tags" "^3.3.1"
    "svg-tags" "^1.0.0"

"@vue/compiler-core@3.3.4":
  "integrity" "sha1-f79ZHBwZ4azSj/0oRSbpi09YESg="
  "resolved" "http://10.255.158.28:7001/@vue/compiler-core/download/@vue/compiler-core-3.3.4.tgz"
  "version" "3.3.4"
  dependencies:
    "@babel/parser" "^7.21.3"
    "@vue/shared" "3.3.4"
    "estree-walker" "^2.0.2"
    "source-map-js" "^1.0.2"

"@vue/compiler-dom@3.3.4":
  "integrity" "sha1-9W4JtfTX3DUPmBeE3pcT2CM0EVE="
  "resolved" "http://10.255.158.28:7001/@vue/compiler-dom/download/@vue/compiler-dom-3.3.4.tgz"
  "version" "3.3.4"
  dependencies:
    "@vue/compiler-core" "3.3.4"
    "@vue/shared" "3.3.4"

"@vue/compiler-sfc@3.3.4":
  "integrity" "sha1-sZ2ULHGTiJNTW0YibWAnIFkwAd8="
  "resolved" "http://10.255.158.28:7001/@vue/compiler-sfc/download/@vue/compiler-sfc-3.3.4.tgz"
  "version" "3.3.4"
  dependencies:
    "@babel/parser" "^7.20.15"
    "@vue/compiler-core" "3.3.4"
    "@vue/compiler-dom" "3.3.4"
    "@vue/compiler-ssr" "3.3.4"
    "@vue/reactivity-transform" "3.3.4"
    "@vue/shared" "3.3.4"
    "estree-walker" "^2.0.2"
    "magic-string" "^0.30.0"
    "postcss" "^8.1.10"
    "source-map-js" "^1.0.2"

"@vue/compiler-ssr@3.3.4":
  "integrity" "sha1-nRN5q/+k8rDNhEF0zuxKlyETh3c="
  "resolved" "http://10.255.158.28:7001/@vue/compiler-ssr/download/@vue/compiler-ssr-3.3.4.tgz"
  "version" "3.3.4"
  dependencies:
    "@vue/compiler-dom" "3.3.4"
    "@vue/shared" "3.3.4"

"@vue/devtools-api@^6.5.0":
  "integrity" "sha1-mLmUJe3ucLTJkmkmKPoeosHlfQc="
  "resolved" "http://10.255.158.28:7001/@vue/devtools-api/download/@vue/devtools-api-6.5.0.tgz"
  "version" "6.5.0"

"@vue/reactivity-transform@3.3.4":
  "integrity" "sha1-UpCEduNNamXGwhzSci1B7YrlGSk="
  "resolved" "http://10.255.158.28:7001/@vue/reactivity-transform/download/@vue/reactivity-transform-3.3.4.tgz"
  "version" "3.3.4"
  dependencies:
    "@babel/parser" "^7.20.15"
    "@vue/compiler-core" "3.3.4"
    "@vue/shared" "3.3.4"
    "estree-walker" "^2.0.2"
    "magic-string" "^0.30.0"

"@vue/reactivity@3.3.4":
  "integrity" "sha1-onopxs0X+rpaDpn7uG7pUWU+IlM="
  "resolved" "http://10.255.158.28:7001/@vue/reactivity/download/@vue/reactivity-3.3.4.tgz"
  "version" "3.3.4"
  dependencies:
    "@vue/shared" "3.3.4"

"@vue/runtime-core@3.3.4":
  "integrity" "sha1-S7M4cru1g3IbNA8wiIiDlBlZZ9E="
  "resolved" "http://10.255.158.28:7001/@vue/runtime-core/download/@vue/runtime-core-3.3.4.tgz"
  "version" "3.3.4"
  dependencies:
    "@vue/reactivity" "3.3.4"
    "@vue/shared" "3.3.4"

"@vue/runtime-dom@3.3.4":
  "integrity" "sha1-mS8ledDtbOlh9Hu+m/5LZ5ElFWY="
  "resolved" "http://10.255.158.28:7001/@vue/runtime-dom/download/@vue/runtime-dom-3.3.4.tgz"
  "version" "3.3.4"
  dependencies:
    "@vue/runtime-core" "3.3.4"
    "@vue/shared" "3.3.4"
    "csstype" "^3.1.1"

"@vue/server-renderer@3.3.4":
  "integrity" "sha1-6kZZS3ldFTbym8WS3Q9mVffqTEw="
  "resolved" "http://10.255.158.28:7001/@vue/server-renderer/download/@vue/server-renderer-3.3.4.tgz"
  "version" "3.3.4"
  dependencies:
    "@vue/compiler-ssr" "3.3.4"
    "@vue/shared" "3.3.4"

"@vue/shared@3.3.4":
  "integrity" "sha1-Bug8UCf0ZO74YcMpvoFFS8i3B4A="
  "resolved" "http://10.255.158.28:7001/@vue/shared/download/@vue/shared-3.3.4.tgz"
  "version" "3.3.4"

"ansi-styles@^3.2.1":
  "version" "3.2.1"
  dependencies:
    "color-convert" "^1.9.0"

"browserslist@^4.21.3", "browserslist@>= 4.21.0":
  "version" "4.21.9"
  dependencies:
    "caniuse-lite" "^1.0.30001503"
    "electron-to-chromium" "^1.4.431"
    "node-releases" "^2.0.12"
    "update-browserslist-db" "^1.0.11"

"camelcase@^6.3.0":
  "version" "6.3.0"

"caniuse-lite@^1.0.30001503":
  "version" "1.0.30001511"

"chalk@^2.0.0":
  "version" "2.4.2"
  dependencies:
    "ansi-styles" "^3.2.1"
    "escape-string-regexp" "^1.0.5"
    "supports-color" "^5.3.0"

"color-convert@^1.9.0":
  "version" "1.9.3"
  dependencies:
    "color-name" "1.1.3"

"color-name@1.1.3":
  "version" "1.1.3"

"convert-source-map@^1.7.0":
  "version" "1.9.0"

"csstype@^3.1.1":
  "integrity" "sha1-HUv51XLxHBQDHwQ24cELwfVx9Qs="
  "resolved" "http://10.255.158.28:7001/csstype/download/csstype-3.1.2.tgz"
  "version" "3.1.2"

"debug@^4.1.0":
  "version" "4.3.4"
  dependencies:
    "ms" "2.1.2"

"electron-to-chromium@^1.4.431":
  "version" "1.4.447"

"esbuild@^0.17.5":
  "integrity" "sha512-XQ0jAPFkK/u3LcVRcvVHQcTIqD6E2H1fvZMA5dQPSOWb3suUbWbfbRf94pjc0bNzRYLfIrDRQXr7X+LHIm5oHw=="
  "resolved" "https://registry.npmmirror.com/esbuild/-/esbuild-0.17.19.tgz"
  "version" "0.17.19"
  optionalDependencies:
    "@esbuild/android-arm" "0.17.19"
    "@esbuild/android-arm64" "0.17.19"
    "@esbuild/android-x64" "0.17.19"
    "@esbuild/darwin-arm64" "0.17.19"
    "@esbuild/darwin-x64" "0.17.19"
    "@esbuild/freebsd-arm64" "0.17.19"
    "@esbuild/freebsd-x64" "0.17.19"
    "@esbuild/linux-arm" "0.17.19"
    "@esbuild/linux-arm64" "0.17.19"
    "@esbuild/linux-ia32" "0.17.19"
    "@esbuild/linux-loong64" "0.17.19"
    "@esbuild/linux-mips64el" "0.17.19"
    "@esbuild/linux-ppc64" "0.17.19"
    "@esbuild/linux-riscv64" "0.17.19"
    "@esbuild/linux-s390x" "0.17.19"
    "@esbuild/linux-x64" "0.17.19"
    "@esbuild/netbsd-x64" "0.17.19"
    "@esbuild/openbsd-x64" "0.17.19"
    "@esbuild/sunos-x64" "0.17.19"
    "@esbuild/win32-arm64" "0.17.19"
    "@esbuild/win32-ia32" "0.17.19"
    "@esbuild/win32-x64" "0.17.19"

"escalade@^3.1.1":
  "version" "3.1.1"

"escape-string-regexp@^1.0.5":
  "version" "1.0.5"

"estree-walker@^2.0.2":
  "integrity" "sha1-UvAQF4wqTBF6d1fP6UKtt9LaTKw="
  "resolved" "http://10.255.158.28:7001/estree-walker/download/estree-walker-2.0.2.tgz"
  "version" "2.0.2"

"gensync@^1.0.0-beta.2":
  "version" "1.0.0-beta.2"

"globals@^11.1.0":
  "version" "11.12.0"

"has-flag@^3.0.0":
  "version" "3.0.0"

"html-tags@^3.3.1":
  "version" "3.3.1"

"js-tokens@^4.0.0":
  "version" "4.0.0"

"jsesc@^2.5.1":
  "version" "2.5.2"

"json5@^2.2.2":
  "version" "2.2.3"

"lru-cache@^5.1.1":
  "version" "5.1.1"
  dependencies:
    "yallist" "^3.0.2"

"magic-string@^0.30.0":
  "integrity" "sha1-/VikdIxcRUczikJOkPpd0X9N5Sk="
  "resolved" "http://10.255.158.28:7001/magic-string/download/magic-string-0.30.0.tgz"
  "version" "0.30.0"
  dependencies:
    "@jridgewell/sourcemap-codec" "^1.4.13"

"ms@2.1.2":
  "version" "2.1.2"

"nanoid@^3.3.6":
  "integrity" "sha1-RDOAyFbW6fmCQmfZYLQjatWD6kw="
  "resolved" "http://10.255.158.28:7001/nanoid/download/nanoid-3.3.6.tgz"
  "version" "3.3.6"

"node-releases@^2.0.12":
  "version" "2.0.12"

"picocolors@^1.0.0":
  "integrity" "sha1-y1vcdP8/UYkiNur3nWi8RFZKuBw="
  "resolved" "http://10.255.158.28:7001/picocolors/download/picocolors-1.0.0.tgz"
  "version" "1.0.0"

"postcss@^8.1.10", "postcss@^8.4.23":
  "integrity" "sha1-9xTbqbIoS+PMB9vS/FfuTcly0t8="
  "resolved" "http://10.255.158.28:7001/postcss/download/postcss-8.4.24.tgz"
  "version" "8.4.24"
  dependencies:
    "nanoid" "^3.3.6"
    "picocolors" "^1.0.0"
    "source-map-js" "^1.0.2"

"rollup@^3.21.0":
  "integrity" "sha512-ZT279hx8gszBj9uy5FfhoG4bZx8c+0A1sbqtr7Q3KNWIizpTdDEPZbV2xcbvHsnFp4MavCQYZyzApJ+virB8Yw=="
  "resolved" "https://registry.npmmirror.com/rollup/-/rollup-3.25.3.tgz"
  "version" "3.25.3"
  optionalDependencies:
    "fsevents" "~2.3.2"

"semver@^6.3.0":
  "version" "6.3.0"

"source-map-js@^1.0.2":
  "integrity" "sha1-rbw2HZxi3zgBJefxYfccgm8eSQw="
  "resolved" "http://10.255.158.28:7001/source-map-js/download/source-map-js-1.0.2.tgz"
  "version" "1.0.2"

"supports-color@^5.3.0":
  "version" "5.5.0"
  dependencies:
    "has-flag" "^3.0.0"

"svg-tags@^1.0.0":
  "version" "1.0.0"

"to-fast-properties@^2.0.0":
  "version" "2.0.0"

"update-browserslist-db@^1.0.11":
  "version" "1.0.11"
  dependencies:
    "escalade" "^3.1.1"
    "picocolors" "^1.0.0"

"vite@^4.0.0", "vite@^4.3.9":
  "integrity" "sha512-qsTNZjO9NoJNW7KnOrgYwczm0WctJ8m/yqYAMAK9Lxt4SoySUfS5S8ia9K7JHpa3KEeMfyF8LoJ3c5NeBJy6pg=="
  "resolved" "https://registry.npmmirror.com/vite/-/vite-4.3.9.tgz"
  "version" "4.3.9"
  dependencies:
    "esbuild" "^0.17.5"
    "postcss" "^8.4.23"
    "rollup" "^3.21.0"
  optionalDependencies:
    "fsevents" "~2.3.2"

"vue-router@4":
  "integrity" "sha512-cChBPPmAflgBGmy3tBsjeoe3f3VOSG6naKyY5pjtrqLGbNEXdzCigFUHgBvp9e3ysAtFtEx7OLqcSDh/1Cq2TQ=="
  "resolved" "https://registry.npmmirror.com/vue-router/-/vue-router-4.2.2.tgz"
  "version" "4.2.2"
  dependencies:
    "@vue/devtools-api" "^6.5.0"

"vue@^3.0.0", "vue@^3.2.0", "vue@^3.2.47", "vue@3.3.4":
  "integrity" "sha1-jtlF04c2Z98dD887JGOtoCj4i9Y="
  "resolved" "http://10.255.158.28:7001/vue/download/vue-3.3.4.tgz"
  "version" "3.3.4"
  dependencies:
    "@vue/compiler-dom" "3.3.4"
    "@vue/compiler-sfc" "3.3.4"
    "@vue/runtime-dom" "3.3.4"
    "@vue/server-renderer" "3.3.4"
    "@vue/shared" "3.3.4"

"yallist@^3.0.2":
  "version" "3.1.1"
